
Microsoft Visual Studio Solution File, Format Version 12.00
# Visual Studio Version 17
VisualStudioVersion = 17.0.31903.59
MinimumVisualStudioVersion = 10.0.40219.1
Project("{F2A71F9B-5D33-465A-A702-920D77279786}") = "day25", "day25\day25.fsproj", "{6C43D575-F86E-4364-AE94-E055C0971A28}"
EndProject
Project("{F2A71F9B-5D33-465A-A702-920D77279786}") = "day22", "day22\day22.fsproj", "{0CAB83B6-CFCD-4495-8409-9F02E1B4362D}"
EndProject
Project("{F2A71F9B-5D33-465A-A702-920D77279786}") = "day24", "day24\day24.fsproj", "{051FD74B-FBBE-41BC-93FB-988057F657AB}"
EndProject
Project("{F2A71F9B-5D33-465A-A702-920D77279786}") = "day19", "day19\day19.fsproj", "{75EF3CC3-4D93-457A-A3BB-C5D3B8881809}"
EndProject
Project("{F2A71F9B-5D33-465A-A702-920D77279786}") = "day23", "day23\day23.fsproj", "{658DEB8C-C1B0-4C25-8627-700F57F9C742}"
EndProject
Project("{F2A71F9B-5D33-465A-A702-920D77279786}") = "day17", "day17\day17.fsproj", "{C2880E4C-E28A-4EA2-8D23-96B0B1B8B36B}"
EndProject
Project("{F2A71F9B-5D33-465A-A702-920D77279786}") = "day20", "day20\day20.fsproj", "{9E3AF77A-D2A4-4AE1-A6D1-4CA2B1081BCA}"
EndProject
Project("{F2A71F9B-5D33-465A-A702-920D77279786}") = "day21", "day21\day21.fsproj", "{3BD6AC63-90C0-4532-B942-E6EE97937E12}"
EndProject
Global
	GlobalSection(SolutionConfigurationPlatforms) = preSolution
		Debug|Any CPU = Debug|Any CPU
		Release|Any CPU = Release|Any CPU
	EndGlobalSection
	GlobalSection(SolutionProperties) = preSolution
		HideSolutionNode = FALSE
	EndGlobalSection
	GlobalSection(ProjectConfigurationPlatforms) = postSolution
		{6C43D575-F86E-4364-AE94-E055C0971A28}.Debug|Any CPU.ActiveCfg = Debug|Any CPU
		{6C43D575-F86E-4364-AE94-E055C0971A28}.Debug|Any CPU.Build.0 = Debug|Any CPU
		{6C43D575-F86E-4364-AE94-E055C0971A28}.Release|Any CPU.ActiveCfg = Release|Any CPU
		{6C43D575-F86E-4364-AE94-E055C0971A28}.Release|Any CPU.Build.0 = Release|Any CPU
		{0CAB83B6-CFCD-4495-8409-9F02E1B4362D}.Debug|Any CPU.ActiveCfg = Debug|Any CPU
		{0CAB83B6-CFCD-4495-8409-9F02E1B4362D}.Debug|Any CPU.Build.0 = Debug|Any CPU
		{0CAB83B6-CFCD-4495-8409-9F02E1B4362D}.Release|Any CPU.ActiveCfg = Release|Any CPU
		{0CAB83B6-CFCD-4495-8409-9F02E1B4362D}.Release|Any CPU.Build.0 = Release|Any CPU
		{051FD74B-FBBE-41BC-93FB-988057F657AB}.Debug|Any CPU.ActiveCfg = Debug|Any CPU
		{051FD74B-FBBE-41BC-93FB-988057F657AB}.Debug|Any CPU.Build.0 = Debug|Any CPU
		{051FD74B-FBBE-41BC-93FB-988057F657AB}.Release|Any CPU.ActiveCfg = Release|Any CPU
		{051FD74B-FBBE-41BC-93FB-988057F657AB}.Release|Any CPU.Build.0 = Release|Any CPU
		{75EF3CC3-4D93-457A-A3BB-C5D3B8881809}.Debug|Any CPU.ActiveCfg = Debug|Any CPU
		{75EF3CC3-4D93-457A-A3BB-C5D3B8881809}.Debug|Any CPU.Build.0 = Debug|Any CPU
		{75EF3CC3-4D93-457A-A3BB-C5D3B8881809}.Release|Any CPU.ActiveCfg = Release|Any CPU
		{75EF3CC3-4D93-457A-A3BB-C5D3B8881809}.Release|Any CPU.Build.0 = Release|Any CPU
		{658DEB8C-C1B0-4C25-8627-700F57F9C742}.Debug|Any CPU.ActiveCfg = Debug|Any CPU
		{658DEB8C-C1B0-4C25-8627-700F57F9C742}.Debug|Any CPU.Build.0 = Debug|Any CPU
		{658DEB8C-C1B0-4C25-8627-700F57F9C742}.Release|Any CPU.ActiveCfg = Release|Any CPU
		{658DEB8C-C1B0-4C25-8627-700F57F9C742}.Release|Any CPU.Build.0 = Release|Any CPU
		{C2880E4C-E28A-4EA2-8D23-96B0B1B8B36B}.Debug|Any CPU.ActiveCfg = Debug|Any CPU
		{C2880E4C-E28A-4EA2-8D23-96B0B1B8B36B}.Debug|Any CPU.Build.0 = Debug|Any CPU
		{C2880E4C-E28A-4EA2-8D23-96B0B1B8B36B}.Release|Any CPU.ActiveCfg = Release|Any CPU
		{C2880E4C-E28A-4EA2-8D23-96B0B1B8B36B}.Release|Any CPU.Build.0 = Release|Any CPU
		{9E3AF77A-D2A4-4AE1-A6D1-4CA2B1081BCA}.Debug|Any CPU.ActiveCfg = Debug|Any CPU
		{9E3AF77A-D2A4-4AE1-A6D1-4CA2B1081BCA}.Debug|Any CPU.Build.0 = Debug|Any CPU
		{9E3AF77A-D2A4-4AE1-A6D1-4CA2B1081BCA}.Release|Any CPU.ActiveCfg = Release|Any CPU
		{9E3AF77A-D2A4-4AE1-A6D1-4CA2B1081BCA}.Release|Any CPU.Build.0 = Release|Any CPU
		{3BD6AC63-90C0-4532-B942-E6EE97937E12}.Debug|Any CPU.ActiveCfg = Debug|Any CPU
		{3BD6AC63-90C0-4532-B942-E6EE97937E12}.Debug|Any CPU.Build.0 = Debug|Any CPU
		{3BD6AC63-90C0-4532-B942-E6EE97937E12}.Release|Any CPU.ActiveCfg = Release|Any CPU
		{3BD6AC63-90C0-4532-B942-E6EE97937E12}.Release|Any CPU.Build.0 = Release|Any CPU
	EndGlobalSection
EndGlobal
